
Microsoft Visual Studio Solution File, Format Version 12.00
# Visual Studio 2013
VisualStudioVersion = 12.0.30501.0
MinimumVisualStudioVersion = 10.0.40219.1
Project("{FAE04EC0-301F-11D3-BF4B-00C04F79EFBC}") = "WindowsStoreBlankApp", "WindowsStoreBlankApp\WindowsStoreBlankApp.csproj", "{FF6708D6-54B4-4975-9A88-B8C806789963}"
EndProject
Project("{FAE04EC0-301F-11D3-BF4B-00C04F79EFBC}") = "CustomersDatabaseService", "CustomersDatabaseService\CustomersDatabaseService.csproj", "{B8C8DFAF-DC16-4F35-B7A8-00D16E373896}"
EndProject
Global
	GlobalSection(SolutionConfigurationPlatforms) = preSolution
		Debug|Any CPU = Debug|Any CPU
		Debug|ARM = Debug|ARM
		Debug|x64 = Debug|x64
		Debug|x86 = Debug|x86
		Release|Any CPU = Release|Any CPU
		Release|ARM = Release|ARM
		Release|x64 = Release|x64
		Release|x86 = Release|x86
	EndGlobalSection
	GlobalSection(ProjectConfigurationPlatforms) = postSolution
		{FF6708D6-54B4-4975-9A88-B8C806789963}.Debug|Any CPU.ActiveCfg = Debug|Any CPU
		{FF6708D6-54B4-4975-9A88-B8C806789963}.Debug|Any CPU.Build.0 = Debug|Any CPU
		{FF6708D6-54B4-4975-9A88-B8C806789963}.Debug|Any CPU.Deploy.0 = Debug|Any CPU
		{FF6708D6-54B4-4975-9A88-B8C806789963}.Debug|ARM.ActiveCfg = Debug|ARM
		{FF6708D6-54B4-4975-9A88-B8C806789963}.Debug|ARM.Build.0 = Debug|ARM
		{FF6708D6-54B4-4975-9A88-B8C806789963}.Debug|ARM.Deploy.0 = Debug|ARM
		{FF6708D6-54B4-4975-9A88-B8C806789963}.Debug|x64.ActiveCfg = Debug|x64
		{FF6708D6-54B4-4975-9A88-B8C806789963}.Debug|x64.Build.0 = Debug|x64
		{FF6708D6-54B4-4975-9A88-B8C806789963}.Debug|x64.Deploy.0 = Debug|x64
		{FF6708D6-54B4-4975-9A88-B8C806789963}.Debug|x86.ActiveCfg = Debug|x86
		{FF6708D6-54B4-4975-9A88-B8C806789963}.Debug|x86.Build.0 = Debug|x86
		{FF6708D6-54B4-4975-9A88-B8C806789963}.Debug|x86.Deploy.0 = Debug|x86
		{FF6708D6-54B4-4975-9A88-B8C806789963}.Release|Any CPU.ActiveCfg = Release|Any CPU
		{FF6708D6-54B4-4975-9A88-B8C806789963}.Release|Any CPU.Build.0 = Release|Any CPU
		{FF6708D6-54B4-4975-9A88-B8C806789963}.Release|Any CPU.Deploy.0 = Release|Any CPU
		{FF6708D6-54B4-4975-9A88-B8C806789963}.Release|ARM.ActiveCfg = Release|ARM
		{FF6708D6-54B4-4975-9A88-B8C806789963}.Release|ARM.Build.0 = Release|ARM
		{FF6708D6-54B4-4975-9A88-B8C806789963}.Release|ARM.Deploy.0 = Release|ARM
		{FF6708D6-54B4-4975-9A88-B8C806789963}.Release|x64.ActiveCfg = Release|x64
		{FF6708D6-54B4-4975-9A88-B8C806789963}.Release|x64.Build.0 = Release|x64
		{FF6708D6-54B4-4975-9A88-B8C806789963}.Release|x64.Deploy.0 = Release|x64
		{FF6708D6-54B4-4975-9A88-B8C806789963}.Release|x86.ActiveCfg = Release|x86
		{FF6708D6-54B4-4975-9A88-B8C806789963}.Release|x86.Build.0 = Release|x86
		{FF6708D6-54B4-4975-9A88-B8C806789963}.Release|x86.Deploy.0 = Release|x86
		{B8C8DFAF-DC16-4F35-B7A8-00D16E373896}.Debug|Any CPU.ActiveCfg = Debug|Any CPU
		{B8C8DFAF-DC16-4F35-B7A8-00D16E373896}.Debug|Any CPU.Build.0 = Debug|Any CPU
		{B8C8DFAF-DC16-4F35-B7A8-00D16E373896}.Debug|ARM.ActiveCfg = Debug|Any CPU
		{B8C8DFAF-DC16-4F35-B7A8-00D16E373896}.Debug|x64.ActiveCfg = Debug|Any CPU
		{B8C8DFAF-DC16-4F35-B7A8-00D16E373896}.Debug|x86.ActiveCfg = Debug|Any CPU
		{B8C8DFAF-DC16-4F35-B7A8-00D16E373896}.Release|Any CPU.ActiveCfg = Release|Any CPU
		{B8C8DFAF-DC16-4F35-B7A8-00D16E373896}.Release|Any CPU.Build.0 = Release|Any CPU
		{B8C8DFAF-DC16-4F35-B7A8-00D16E373896}.Release|ARM.ActiveCfg = Release|Any CPU
		{B8C8DFAF-DC16-4F35-B7A8-00D16E373896}.Release|x64.ActiveCfg = Release|Any CPU
		{B8C8DFAF-DC16-4F35-B7A8-00D16E373896}.Release|x86.ActiveCfg = Release|Any CPU
	EndGlobalSection
	GlobalSection(SolutionProperties) = preSolution
		HideSolutionNode = FALSE
	EndGlobalSection
EndGlobal
